
Microsoft Visual Studio Solution File, Format Version 12.00
# Visual Studio Version 17
VisualStudioVersion = 17.4.33213.308
MinimumVisualStudioVersion = 10.0.40219.1
Project("{13B669BE-BB05-4DDF-9536-439F39A36129}") = "OOPopgave", "OOPopgave.phpproj", "{774E7726-BA06-4D3A-9688-9B4D8D7F7726}"
EndProject
Global
	GlobalSection(SolutionConfigurationPlatforms) = preSolution
		Debug|Any CPU = Debug|Any CPU
		Release|Any CPU = Release|Any CPU
	EndGlobalSection
	GlobalSection(ProjectConfigurationPlatforms) = postSolution
		{774E7726-BA06-4D3A-9688-9B4D8D7F7726}.Debug|Any CPU.ActiveCfg = Debug|Any CPU
		{774E7726-BA06-4D3A-9688-9B4D8D7F7726}.Debug|Any CPU.Build.0 = Debug|Any CPU
		{774E7726-BA06-4D3A-9688-9B4D8D7F7726}.Release|Any CPU.ActiveCfg = Release|Any CPU
		{774E7726-BA06-4D3A-9688-9B4D8D7F7726}.Release|Any CPU.Build.0 = Release|Any CPU
	EndGlobalSection
	GlobalSection(SolutionProperties) = preSolution
		HideSolutionNode = FALSE
	EndGlobalSection
	GlobalSection(ExtensibilityGlobals) = postSolution
		SolutionGuid = {9E4FEBBF-841E-4256-B944-2F51B8A2776D}
	EndGlobalSection
EndGlobal
